// !$*UTF8*$!
{
	archiveVersion = 1;
	classes = {
	};
	objectVersion = 56;
	objects = {

/* Begin PBXBuildFile section */
		86A6B2AA2BD61F65005DC851 /* GoogleService-Info.plist in Resources */ = {isa = PBXBuildFile; fileRef = 86A6B2A92BD61F64005DC851 /* GoogleService-Info.plist */; };
		86A6B2AC2BD62221005DC851 /* FirebaseAnalytics in Frameworks */ = {isa = PBXBuildFile; productRef = 86A6B2AB2BD62221005DC851 /* FirebaseAnalytics */; };
		86A6B2AE2BD62221005DC851 /* FirebaseAnalyticsOnDeviceConversion in Frameworks */ = {isa = PBXBuildFile; productRef = 86A6B2AD2BD62221005DC851 /* FirebaseAnalyticsOnDeviceConversion */; };
		86A6B2B02BD62221005DC851 /* FirebaseAnalyticsSwift in Frameworks */ = {isa = PBXBuildFile; productRef = 86A6B2AF2BD62221005DC851 /* FirebaseAnalyticsSwift */; };
		86A6B2B22BD62221005DC851 /* FirebaseAnalyticsWithoutAdIdSupport in Frameworks */ = {isa = PBXBuildFile; productRef = 86A6B2B12BD62221005DC851 /* FirebaseAnalyticsWithoutAdIdSupport */; };
		86A6B2B42BD62221005DC851 /* FirebaseAppCheck in Frameworks */ = {isa = PBXBuildFile; productRef = 86A6B2B32BD62221005DC851 /* FirebaseAppCheck */; };
		86A6B2B62BD62221005DC851 /* FirebaseAppDistribution-Beta in Frameworks */ = {isa = PBXBuildFile; productRef = 86A6B2B52BD62221005DC851 /* FirebaseAppDistribution-Beta */; };
		86A6B2B82BD62221005DC851 /* FirebaseFirestore in Frameworks */ = {isa = PBXBuildFile; productRef = 86A6B2B72BD62221005DC851 /* FirebaseFirestore */; };
		86A6B2BA2BD62221005DC851 /* FirebaseFirestoreCombine-Community in Frameworks */ = {isa = PBXBuildFile; productRef = 86A6B2B92BD62221005DC851 /* FirebaseFirestoreCombine-Community */; };
		86A6B2BC2BD62221005DC851 /* FirebaseFirestoreSwift in Frameworks */ = {isa = PBXBuildFile; productRef = 86A6B2BB2BD62221005DC851 /* FirebaseFirestoreSwift */; };
		86A6B2BE2BD62221005DC851 /* FirebaseFunctions in Frameworks */ = {isa = PBXBuildFile; productRef = 86A6B2BD2BD62221005DC851 /* FirebaseFunctions */; };
		86A6B2C02BD62221005DC851 /* FirebaseFunctionsCombine-Community in Frameworks */ = {isa = PBXBuildFile; productRef = 86A6B2BF2BD62221005DC851 /* FirebaseFunctionsCombine-Community */; };
		86A6B2C22BD62221005DC851 /* FirebaseInAppMessaging-Beta in Frameworks */ = {isa = PBXBuildFile; productRef = 86A6B2C12BD62221005DC851 /* FirebaseInAppMessaging-Beta */; };
		86A6B2C42BD62221005DC851 /* FirebaseInAppMessagingSwift-Beta in Frameworks */ = {isa = PBXBuildFile; productRef = 86A6B2C32BD62221005DC851 /* FirebaseInAppMessagingSwift-Beta */; };
		86A6B2C62BD62221005DC851 /* FirebaseInstallations in Frameworks */ = {isa = PBXBuildFile; productRef = 86A6B2C52BD62221005DC851 /* FirebaseInstallations */; };
		86A6B2C82BD62221005DC851 /* FirebaseMLModelDownloader in Frameworks */ = {isa = PBXBuildFile; productRef = 86A6B2C72BD62221005DC851 /* FirebaseMLModelDownloader */; };
		86A6B2CA2BD62221005DC851 /* FirebaseMessaging in Frameworks */ = {isa = PBXBuildFile; productRef = 86A6B2C92BD62221005DC851 /* FirebaseMessaging */; };
		86A6B2CC2BD62221005DC851 /* FirebasePerformance in Frameworks */ = {isa = PBXBuildFile; productRef = 86A6B2CB2BD62221005DC851 /* FirebasePerformance */; };
		86A6B2CE2BD62221005DC851 /* FirebaseRemoteConfig in Frameworks */ = {isa = PBXBuildFile; productRef = 86A6B2CD2BD62221005DC851 /* FirebaseRemoteConfig */; };
		86A6B2D02BD62221005DC851 /* FirebaseRemoteConfigSwift in Frameworks */ = {isa = PBXBuildFile; productRef = 86A6B2CF2BD62221005DC851 /* FirebaseRemoteConfigSwift */; };
		86A6B2D22BD62221005DC851 /* FirebaseStorage in Frameworks */ = {isa = PBXBuildFile; productRef = 86A6B2D12BD62221005DC851 /* FirebaseStorage */; };
		86A6B2D42BD62221005DC851 /* FirebaseStorageCombine-Community in Frameworks */ = {isa = PBXBuildFile; productRef = 86A6B2D32BD62221005DC851 /* FirebaseStorageCombine-Community */; };
		86F70DB82BD61A4300936E14 /* HMS_Team_5App.swift in Sources */ = {isa = PBXBuildFile; fileRef = 86F70DB72BD61A4300936E14 /* HMS_Team_5App.swift */; };
		86F70DBA2BD61A4300936E14 /* ContentView.swift in Sources */ = {isa = PBXBuildFile; fileRef = 86F70DB92BD61A4300936E14 /* ContentView.swift */; };
		86F70DBC2BD61A4400936E14 /* Assets.xcassets in Resources */ = {isa = PBXBuildFile; fileRef = 86F70DBB2BD61A4400936E14 /* Assets.xcassets */; };
		86F70DBF2BD61A4400936E14 /* Preview Assets.xcassets in Resources */ = {isa = PBXBuildFile; fileRef = 86F70DBE2BD61A4400936E14 /* Preview Assets.xcassets */; };
		86F70DC92BD61A4400936E14 /* HMS_Team_5Tests.swift in Sources */ = {isa = PBXBuildFile; fileRef = 86F70DC82BD61A4400936E14 /* HMS_Team_5Tests.swift */; };
		86F70DD32BD61A4400936E14 /* HMS_Team_5UITests.swift in Sources */ = {isa = PBXBuildFile; fileRef = 86F70DD22BD61A4400936E14 /* HMS_Team_5UITests.swift */; };
		86F70DD52BD61A4400936E14 /* HMS_Team_5UITestsLaunchTests.swift in Sources */ = {isa = PBXBuildFile; fileRef = 86F70DD42BD61A4400936E14 /* HMS_Team_5UITestsLaunchTests.swift */; };
/* End PBXBuildFile section */

/* Begin PBXContainerItemProxy section */
		86F70DC52BD61A4400936E14 /* PBXContainerItemProxy */ = {
			isa = PBXContainerItemProxy;
			containerPortal = 86F70DAC2BD61A4200936E14 /* Project object */;
			proxyType = 1;
			remoteGlobalIDString = 86F70DB32BD61A4300936E14;
			remoteInfo = "HMS-Team 5";
		};
		86F70DCF2BD61A4400936E14 /* PBXContainerItemProxy */ = {
			isa = PBXContainerItemProxy;
			containerPortal = 86F70DAC2BD61A4200936E14 /* Project object */;
			proxyType = 1;
			remoteGlobalIDString = 86F70DB32BD61A4300936E14;
			remoteInfo = "HMS-Team 5";
		};
/* End PBXContainerItemProxy section */

/* Begin PBXFileReference section */
		86A6B2A92BD61F64005DC851 /* GoogleService-Info.plist */ = {isa = PBXFileReference; fileEncoding = 4; lastKnownFileType = text.plist.xml; path = "GoogleService-Info.plist"; sourceTree = "<group>"; };
		86F70DB42BD61A4300936E14 /* HMS-Team 5.app */ = {isa = PBXFileReference; explicitFileType = wrapper.application; includeInIndex = 0; path = "HMS-Team 5.app"; sourceTree = BUILT_PRODUCTS_DIR; };
		86F70DB72BD61A4300936E14 /* HMS_Team_5App.swift */ = {isa = PBXFileReference; lastKnownFileType = sourcecode.swift; path = HMS_Team_5App.swift; sourceTree = "<group>"; };
		86F70DB92BD61A4300936E14 /* ContentView.swift */ = {isa = PBXFileReference; lastKnownFileType = sourcecode.swift; path = ContentView.swift; sourceTree = "<group>"; };
		86F70DBB2BD61A4400936E14 /* Assets.xcassets */ = {isa = PBXFileReference; lastKnownFileType = folder.assetcatalog; path = Assets.xcassets; sourceTree = "<group>"; };
		86F70DBE2BD61A4400936E14 /* Preview Assets.xcassets */ = {isa = PBXFileReference; lastKnownFileType = folder.assetcatalog; path = "Preview Assets.xcassets"; sourceTree = "<group>"; };
		86F70DC42BD61A4400936E14 /* HMS-Team 5Tests.xctest */ = {isa = PBXFileReference; explicitFileType = wrapper.cfbundle; includeInIndex = 0; path = "HMS-Team 5Tests.xctest"; sourceTree = BUILT_PRODUCTS_DIR; };
		86F70DC82BD61A4400936E14 /* HMS_Team_5Tests.swift */ = {isa = PBXFileReference; lastKnownFileType = sourcecode.swift; path = HMS_Team_5Tests.swift; sourceTree = "<group>"; };
		86F70DCE2BD61A4400936E14 /* HMS-Team 5UITests.xctest */ = {isa = PBXFileReference; explicitFileType = wrapper.cfbundle; includeInIndex = 0; path = "HMS-Team 5UITests.xctest"; sourceTree = BUILT_PRODUCTS_DIR; };
		86F70DD22BD61A4400936E14 /* HMS_Team_5UITests.swift */ = {isa = PBXFileReference; lastKnownFileType = sourcecode.swift; path = HMS_Team_5UITests.swift; sourceTree = "<group>"; };
		86F70DD42BD61A4400936E14 /* HMS_Team_5UITestsLaunchTests.swift */ = {isa = PBXFileReference; lastKnownFileType = sourcecode.swift; path = HMS_Team_5UITestsLaunchTests.swift; sourceTree = "<group>"; };
/* End PBXFileReference section */

/* Begin PBXFrameworksBuildPhase section */
		86F70DB12BD61A4300936E14 /* Frameworks */ = {
			isa = PBXFrameworksBuildPhase;
			buildActionMask = 2147483647;
			files = (
				86A6B2CA2BD62221005DC851 /* FirebaseMessaging in Frameworks */,
				86A6B2D42BD62221005DC851 /* FirebaseStorageCombine-Community in Frameworks */,
				86A6B2B02BD62221005DC851 /* FirebaseAnalyticsSwift in Frameworks */,
				86A6B2D02BD62221005DC851 /* FirebaseRemoteConfigSwift in Frameworks */,
				86A6B2C62BD62221005DC851 /* FirebaseInstallations in Frameworks */,
				86A6B2BA2BD62221005DC851 /* FirebaseFirestoreCombine-Community in Frameworks */,
				86A6B2AC2BD62221005DC851 /* FirebaseAnalytics in Frameworks */,
				86A6B2AE2BD62221005DC851 /* FirebaseAnalyticsOnDeviceConversion in Frameworks */,
				86A6B2B42BD62221005DC851 /* FirebaseAppCheck in Frameworks */,
				86A6B2B22BD62221005DC851 /* FirebaseAnalyticsWithoutAdIdSupport in Frameworks */,
				86A6B2B62BD62221005DC851 /* FirebaseAppDistribution-Beta in Frameworks */,
				86A6B2CE2BD62221005DC851 /* FirebaseRemoteConfig in Frameworks */,
				86A6B2CC2BD62221005DC851 /* FirebasePerformance in Frameworks */,
				86A6B2BE2BD62221005DC851 /* FirebaseFunctions in Frameworks */,
				86A6B2D22BD62221005DC851 /* FirebaseStorage in Frameworks */,
				86A6B2C42BD62221005DC851 /* FirebaseInAppMessagingSwift-Beta in Frameworks */,
				86A6B2B82BD62221005DC851 /* FirebaseFirestore in Frameworks */,
				86A6B2C02BD62221005DC851 /* FirebaseFunctionsCombine-Community in Frameworks */,
				86A6B2C82BD62221005DC851 /* FirebaseMLModelDownloader in Frameworks */,
				86A6B2BC2BD62221005DC851 /* FirebaseFirestoreSwift in Frameworks */,
				86A6B2C22BD62221005DC851 /* FirebaseInAppMessaging-Beta in Frameworks */,
			);
			runOnlyForDeploymentPostprocessing = 0;
		};
		86F70DC12BD61A4400936E14 /* Frameworks */ = {
			isa = PBXFrameworksBuildPhase;
			buildActionMask = 2147483647;
			files = (
			);
			runOnlyForDeploymentPostprocessing = 0;
		};
		86F70DCB2BD61A4400936E14 /* Frameworks */ = {
			isa = PBXFrameworksBuildPhase;
			buildActionMask = 2147483647;
			files = (
			);
			runOnlyForDeploymentPostprocessing = 0;
		};
/* End PBXFrameworksBuildPhase section */

/* Begin PBXGroup section */
		86F70DAB2BD61A4200936E14 = {
			isa = PBXGroup;
			children = (
				86F70DB62BD61A4300936E14 /* HMS-Team 5 */,
				86F70DC72BD61A4400936E14 /* HMS-Team 5Tests */,
				86F70DD12BD61A4400936E14 /* HMS-Team 5UITests */,
				86F70DB52BD61A4300936E14 /* Products */,
			);
			sourceTree = "<group>";
		};
		86F70DB52BD61A4300936E14 /* Products */ = {
			isa = PBXGroup;
			children = (
				86F70DB42BD61A4300936E14 /* HMS-Team 5.app */,
				86F70DC42BD61A4400936E14 /* HMS-Team 5Tests.xctest */,
				86F70DCE2BD61A4400936E14 /* HMS-Team 5UITests.xctest */,
			);
			name = Products;
			sourceTree = "<group>";
		};
		86F70DB62BD61A4300936E14 /* HMS-Team 5 */ = {
			isa = PBXGroup;
			children = (
				86F70DE42BD61AFE00936E14 /* Others */,
				86F70DE32BD61AEF00936E14 /* ViewModels */,
				86F70DE22BD61AE500936E14 /* Models */,
				86F70DE12BD61A8C00936E14 /* Views */,
				86F70DBD2BD61A4400936E14 /* Preview Content */,
			);
			path = "HMS-Team 5";
			sourceTree = "<group>";
		};
		86F70DBD2BD61A4400936E14 /* Preview Content */ = {
			isa = PBXGroup;
			children = (
				86F70DBE2BD61A4400936E14 /* Preview Assets.xcassets */,
			);
			path = "Preview Content";
			sourceTree = "<group>";
		};
		86F70DC72BD61A4400936E14 /* HMS-Team 5Tests */ = {
			isa = PBXGroup;
			children = (
				86F70DC82BD61A4400936E14 /* HMS_Team_5Tests.swift */,
			);
			path = "HMS-Team 5Tests";
			sourceTree = "<group>";
		};
		86F70DD12BD61A4400936E14 /* HMS-Team 5UITests */ = {
			isa = PBXGroup;
			children = (
				86F70DD22BD61A4400936E14 /* HMS_Team_5UITests.swift */,
				86F70DD42BD61A4400936E14 /* HMS_Team_5UITestsLaunchTests.swift */,
			);
			path = "HMS-Team 5UITests";
			sourceTree = "<group>";
		};
		86F70DE12BD61A8C00936E14 /* Views */ = {
			isa = PBXGroup;
			children = (
				86F70DB92BD61A4300936E14 /* ContentView.swift */,
			);
			path = Views;
			sourceTree = "<group>";
		};
		86F70DE22BD61AE500936E14 /* Models */ = {
			isa = PBXGroup;
			children = (
			);
			path = Models;
			sourceTree = "<group>";
		};
		86F70DE32BD61AEF00936E14 /* ViewModels */ = {
			isa = PBXGroup;
			children = (
			);
			path = ViewModels;
			sourceTree = "<group>";
		};
		86F70DE42BD61AFE00936E14 /* Others */ = {
			isa = PBXGroup;
			children = (
				86A6B2A92BD61F64005DC851 /* GoogleService-Info.plist */,
				86F70DB72BD61A4300936E14 /* HMS_Team_5App.swift */,
				86F70DBB2BD61A4400936E14 /* Assets.xcassets */,
			);
			path = Others;
			sourceTree = "<group>";
		};
/* End PBXGroup section */

/* Begin PBXNativeTarget section */
		86F70DB32BD61A4300936E14 /* HMS-Team 5 */ = {
			isa = PBXNativeTarget;
			buildConfigurationList = 86F70DD82BD61A4400936E14 /* Build configuration list for PBXNativeTarget "HMS-Team 5" */;
			buildPhases = (
				86F70DB02BD61A4300936E14 /* Sources */,
				86F70DB12BD61A4300936E14 /* Frameworks */,
				86F70DB22BD61A4300936E14 /* Resources */,
			);
			buildRules = (
			);
			dependencies = (
			);
			name = "HMS-Team 5";
			packageProductDependencies = (
				86A6B2AB2BD62221005DC851 /* FirebaseAnalytics */,
				86A6B2AD2BD62221005DC851 /* FirebaseAnalyticsOnDeviceConversion */,
				86A6B2AF2BD62221005DC851 /* FirebaseAnalyticsSwift */,
				86A6B2B12BD62221005DC851 /* FirebaseAnalyticsWithoutAdIdSupport */,
				86A6B2B32BD62221005DC851 /* FirebaseAppCheck */,
				86A6B2B52BD62221005DC851 /* FirebaseAppDistribution-Beta */,
				86A6B2B72BD62221005DC851 /* FirebaseFirestore */,
				86A6B2B92BD62221005DC851 /* FirebaseFirestoreCombine-Community */,
				86A6B2BB2BD62221005DC851 /* FirebaseFirestoreSwift */,
				86A6B2BD2BD62221005DC851 /* FirebaseFunctions */,
				86A6B2BF2BD62221005DC851 /* FirebaseFunctionsCombine-Community */,
				86A6B2C12BD62221005DC851 /* FirebaseInAppMessaging-Beta */,
				86A6B2C32BD62221005DC851 /* FirebaseInAppMessagingSwift-Beta */,
				86A6B2C52BD62221005DC851 /* FirebaseInstallations */,
				86A6B2C72BD62221005DC851 /* FirebaseMLModelDownloader */,
				86A6B2C92BD62221005DC851 /* FirebaseMessaging */,
				86A6B2CB2BD62221005DC851 /* FirebasePerformance */,
				86A6B2CD2BD62221005DC851 /* FirebaseRemoteConfig */,
				86A6B2CF2BD62221005DC851 /* FirebaseRemoteConfigSwift */,
				86A6B2D12BD62221005DC851 /* FirebaseStorage */,
				86A6B2D32BD62221005DC851 /* FirebaseStorageCombine-Community */,
			);
			productName = "HMS-Team 5";
			productReference = 86F70DB42BD61A4300936E14 /* HMS-Team 5.app */;
			productType = "com.apple.product-type.application";
		};
		86F70DC32BD61A4400936E14 /* HMS-Team 5Tests */ = {
			isa = PBXNativeTarget;
			buildConfigurationList = 86F70DDB2BD61A4400936E14 /* Build configuration list for PBXNativeTarget "HMS-Team 5Tests" */;
			buildPhases = (
				86F70DC02BD61A4400936E14 /* Sources */,
				86F70DC12BD61A4400936E14 /* Frameworks */,
				86F70DC22BD61A4400936E14 /* Resources */,
			);
			buildRules = (
			);
			dependencies = (
				86F70DC62BD61A4400936E14 /* PBXTargetDependency */,
			);
			name = "HMS-Team 5Tests";
			productName = "HMS-Team 5Tests";
			productReference = 86F70DC42BD61A4400936E14 /* HMS-Team 5Tests.xctest */;
			productType = "com.apple.product-type.bundle.unit-test";
		};
		86F70DCD2BD61A4400936E14 /* HMS-Team 5UITests */ = {
			isa = PBXNativeTarget;
			buildConfigurationList = 86F70DDE2BD61A4400936E14 /* Build configuration list for PBXNativeTarget "HMS-Team 5UITests" */;
			buildPhases = (
				86F70DCA2BD61A4400936E14 /* Sources */,
				86F70DCB2BD61A4400936E14 /* Frameworks */,
				86F70DCC2BD61A4400936E14 /* Resources */,
			);
			buildRules = (
			);
			dependencies = (
				86F70DD02BD61A4400936E14 /* PBXTargetDependency */,
			);
			name = "HMS-Team 5UITests";
			productName = "HMS-Team 5UITests";
			productReference = 86F70DCE2BD61A4400936E14 /* HMS-Team 5UITests.xctest */;
			productType = "com.apple.product-type.bundle.ui-testing";
		};
/* End PBXNativeTarget section */

/* Begin PBXProject section */
		86F70DAC2BD61A4200936E14 /* Project object */ = {
			isa = PBXProject;
			attributes = {
				BuildIndependentTargetsInParallel = 1;
				LastSwiftUpdateCheck = 1520;
				LastUpgradeCheck = 1520;
				TargetAttributes = {
					86F70DB32BD61A4300936E14 = {
						CreatedOnToolsVersion = 15.2;
					};
					86F70DC32BD61A4400936E14 = {
						CreatedOnToolsVersion = 15.2;
						TestTargetID = 86F70DB32BD61A4300936E14;
					};
					86F70DCD2BD61A4400936E14 = {
						CreatedOnToolsVersion = 15.2;
						TestTargetID = 86F70DB32BD61A4300936E14;
					};
				};
			};
			buildConfigurationList = 86F70DAF2BD61A4200936E14 /* Build configuration list for PBXProject "HMS-Team 5" */;
			compatibilityVersion = "Xcode 14.0";
			developmentRegion = en;
			hasScannedForEncodings = 0;
			knownRegions = (
				en,
				Base,
			);
			mainGroup = 86F70DAB2BD61A4200936E14;
			packageReferences = (
				86F70DE52BD61CCF00936E14 /* XCRemoteSwiftPackageReference "firebase-ios-sdk" */,
			);
			productRefGroup = 86F70DB52BD61A4300936E14 /* Products */;
			projectDirPath = "";
			projectRoot = "";
			targets = (
				86F70DB32BD61A4300936E14 /* HMS-Team 5 */,
				86F70DC32BD61A4400936E14 /* HMS-Team 5Tests */,
				86F70DCD2BD61A4400936E14 /* HMS-Team 5UITests */,
			);
		};
/* End PBXProject section */

/* Begin PBXResourcesBuildPhase section */
		86F70DB22BD61A4300936E14 /* Resources */ = {
			isa = PBXResourcesBuildPhase;
			buildActionMask = 2147483647;
			files = (
				86F70DBF2BD61A4400936E14 /* Preview Assets.xcassets in Resources */,
				86F70DBC2BD61A4400936E14 /* Assets.xcassets in Resources */,
				86A6B2AA2BD61F65005DC851 /* GoogleService-Info.plist in Resources */,
			);
			runOnlyForDeploymentPostprocessing = 0;
		};
		86F70DC22BD61A4400936E14 /* Resources */ = {
			isa = PBXResourcesBuildPhase;
			buildActionMask = 2147483647;
			files = (
			);
			runOnlyForDeploymentPostprocessing = 0;
		};
		86F70DCC2BD61A4400936E14 /* Resources */ = {
			isa = PBXResourcesBuildPhase;
			buildActionMask = 2147483647;
			files = (
			);
			runOnlyForDeploymentPostprocessing = 0;
		};
/* End PBXResourcesBuildPhase section */

/* Begin PBXSourcesBuildPhase section */
		86F70DB02BD61A4300936E14 /* Sources */ = {
			isa = PBXSourcesBuildPhase;
			buildActionMask = 2147483647;
			files = (
				86F70DBA2BD61A4300936E14 /* ContentView.swift in Sources */,
				86F70DB82BD61A4300936E14 /* HMS_Team_5App.swift in Sources */,
			);
			runOnlyForDeploymentPostprocessing = 0;
		};
		86F70DC02BD61A4400936E14 /* Sources */ = {
			isa = PBXSourcesBuildPhase;
			buildActionMask = 2147483647;
			files = (
				86F70DC92BD61A4400936E14 /* HMS_Team_5Tests.swift in Sources */,
			);
			runOnlyForDeploymentPostprocessing = 0;
		};
		86F70DCA2BD61A4400936E14 /* Sources */ = {
			isa = PBXSourcesBuildPhase;
			buildActionMask = 2147483647;
			files = (
				86F70DD52BD61A4400936E14 /* HMS_Team_5UITestsLaunchTests.swift in Sources */,
				86F70DD32BD61A4400936E14 /* HMS_Team_5UITests.swift in Sources */,
			);
			runOnlyForDeploymentPostprocessing = 0;
		};
/* End PBXSourcesBuildPhase section */

/* Begin PBXTargetDependency section */
		86F70DC62BD61A4400936E14 /* PBXTargetDependency */ = {
			isa = PBXTargetDependency;
			target = 86F70DB32BD61A4300936E14 /* HMS-Team 5 */;
			targetProxy = 86F70DC52BD61A4400936E14 /* PBXContainerItemProxy */;
		};
		86F70DD02BD61A4400936E14 /* PBXTargetDependency */ = {
			isa = PBXTargetDependency;
			target = 86F70DB32BD61A4300936E14 /* HMS-Team 5 */;
			targetProxy = 86F70DCF2BD61A4400936E14 /* PBXContainerItemProxy */;
		};
/* End PBXTargetDependency section */

/* Begin XCBuildConfiguration section */
		86F70DD62BD61A4400936E14 /* Debug */ = {
			isa = XCBuildConfiguration;
			buildSettings = {
				ALWAYS_SEARCH_USER_PATHS = NO;
				ASSETCATALOG_COMPILER_GENERATE_SWIFT_ASSET_SYMBOL_EXTENSIONS = YES;
				CLANG_ANALYZER_NONNULL = YES;
				CLANG_ANALYZER_NUMBER_OBJECT_CONVERSION = YES_AGGRESSIVE;
				CLANG_CXX_LANGUAGE_STANDARD = "gnu++20";
				CLANG_ENABLE_MODULES = YES;
				CLANG_ENABLE_OBJC_ARC = YES;
				CLANG_ENABLE_OBJC_WEAK = YES;
				CLANG_WARN_BLOCK_CAPTURE_AUTORELEASING = YES;
				CLANG_WARN_BOOL_CONVERSION = YES;
				CLANG_WARN_COMMA = YES;
				CLANG_WARN_CONSTANT_CONVERSION = YES;
				CLANG_WARN_DEPRECATED_OBJC_IMPLEMENTATIONS = YES;
				CLANG_WARN_DIRECT_OBJC_ISA_USAGE = YES_ERROR;
				CLANG_WARN_DOCUMENTATION_COMMENTS = YES;
				CLANG_WARN_EMPTY_BODY = YES;
				CLANG_WARN_ENUM_CONVERSION = YES;
				CLANG_WARN_INFINITE_RECURSION = YES;
				CLANG_WARN_INT_CONVERSION = YES;
				CLANG_WARN_NON_LITERAL_NULL_CONVERSION = YES;
				CLANG_WARN_OBJC_IMPLICIT_RETAIN_SELF = YES;
				CLANG_WARN_OBJC_LITERAL_CONVERSION = YES;
				CLANG_WARN_OBJC_ROOT_CLASS = YES_ERROR;
				CLANG_WARN_QUOTED_INCLUDE_IN_FRAMEWORK_HEADER = YES;
				CLANG_WARN_RANGE_LOOP_ANALYSIS = YES;
				CLANG_WARN_STRICT_PROTOTYPES = YES;
				CLANG_WARN_SUSPICIOUS_MOVE = YES;
				CLANG_WARN_UNGUARDED_AVAILABILITY = YES_AGGRESSIVE;
				CLANG_WARN_UNREACHABLE_CODE = YES;
				CLANG_WARN__DUPLICATE_METHOD_MATCH = YES;
				COPY_PHASE_STRIP = NO;
				DEBUG_INFORMATION_FORMAT = dwarf;
				ENABLE_STRICT_OBJC_MSGSEND = YES;
				ENABLE_TESTABILITY = YES;
				ENABLE_USER_SCRIPT_SANDBOXING = YES;
				GCC_C_LANGUAGE_STANDARD = gnu17;
				GCC_DYNAMIC_NO_PIC = NO;
				GCC_NO_COMMON_BLOCKS = YES;
				GCC_OPTIMIZATION_LEVEL = 0;
				GCC_PREPROCESSOR_DEFINITIONS = (
					"DEBUG=1",
					"$(inherited)",
				);
				GCC_WARN_64_TO_32_BIT_CONVERSION = YES;
				GCC_WARN_ABOUT_RETURN_TYPE = YES_ERROR;
				GCC_WARN_UNDECLARED_SELECTOR = YES;
				GCC_WARN_UNINITIALIZED_AUTOS = YES_AGGRESSIVE;
				GCC_WARN_UNUSED_FUNCTION = YES;
				GCC_WARN_UNUSED_VARIABLE = YES;
				IPHONEOS_DEPLOYMENT_TARGET = 17.2;
				LOCALIZATION_PREFERS_STRING_CATALOGS = YES;
				MTL_ENABLE_DEBUG_INFO = INCLUDE_SOURCE;
				MTL_FAST_MATH = YES;
				ONLY_ACTIVE_ARCH = YES;
				SDKROOT = iphoneos;
				SWIFT_ACTIVE_COMPILATION_CONDITIONS = "DEBUG $(inherited)";
				SWIFT_OPTIMIZATION_LEVEL = "-Onone";
			};
			name = Debug;
		};
		86F70DD72BD61A4400936E14 /* Release */ = {
			isa = XCBuildConfiguration;
			buildSettings = {
				ALWAYS_SEARCH_USER_PATHS = NO;
				ASSETCATALOG_COMPILER_GENERATE_SWIFT_ASSET_SYMBOL_EXTENSIONS = YES;
				CLANG_ANALYZER_NONNULL = YES;
				CLANG_ANALYZER_NUMBER_OBJECT_CONVERSION = YES_AGGRESSIVE;
				CLANG_CXX_LANGUAGE_STANDARD = "gnu++20";
				CLANG_ENABLE_MODULES = YES;
				CLANG_ENABLE_OBJC_ARC = YES;
				CLANG_ENABLE_OBJC_WEAK = YES;
				CLANG_WARN_BLOCK_CAPTURE_AUTORELEASING = YES;
				CLANG_WARN_BOOL_CONVERSION = YES;
				CLANG_WARN_COMMA = YES;
				CLANG_WARN_CONSTANT_CONVERSION = YES;
				CLANG_WARN_DEPRECATED_OBJC_IMPLEMENTATIONS = YES;
				CLANG_WARN_DIRECT_OBJC_ISA_USAGE = YES_ERROR;
				CLANG_WARN_DOCUMENTATION_COMMENTS = YES;
				CLANG_WARN_EMPTY_BODY = YES;
				CLANG_WARN_ENUM_CONVERSION = YES;
				CLANG_WARN_INFINITE_RECURSION = YES;
				CLANG_WARN_INT_CONVERSION = YES;
				CLANG_WARN_NON_LITERAL_NULL_CONVERSION = YES;
				CLANG_WARN_OBJC_IMPLICIT_RETAIN_SELF = YES;
				CLANG_WARN_OBJC_LITERAL_CONVERSION = YES;
				CLANG_WARN_OBJC_ROOT_CLASS = YES_ERROR;
				CLANG_WARN_QUOTED_INCLUDE_IN_FRAMEWORK_HEADER = YES;
				CLANG_WARN_RANGE_LOOP_ANALYSIS = YES;
				CLANG_WARN_STRICT_PROTOTYPES = YES;
				CLANG_WARN_SUSPICIOUS_MOVE = YES;
				CLANG_WARN_UNGUARDED_AVAILABILITY = YES_AGGRESSIVE;
				CLANG_WARN_UNREACHABLE_CODE = YES;
				CLANG_WARN__DUPLICATE_METHOD_MATCH = YES;
				COPY_PHASE_STRIP = NO;
				DEBUG_INFORMATION_FORMAT = "dwarf-with-dsym";
				ENABLE_NS_ASSERTIONS = NO;
				ENABLE_STRICT_OBJC_MSGSEND = YES;
				ENABLE_USER_SCRIPT_SANDBOXING = YES;
				GCC_C_LANGUAGE_STANDARD = gnu17;
				GCC_NO_COMMON_BLOCKS = YES;
				GCC_WARN_64_TO_32_BIT_CONVERSION = YES;
				GCC_WARN_ABOUT_RETURN_TYPE = YES_ERROR;
				GCC_WARN_UNDECLARED_SELECTOR = YES;
				GCC_WARN_UNINITIALIZED_AUTOS = YES_AGGRESSIVE;
				GCC_WARN_UNUSED_FUNCTION = YES;
				GCC_WARN_UNUSED_VARIABLE = YES;
				IPHONEOS_DEPLOYMENT_TARGET = 17.2;
				LOCALIZATION_PREFERS_STRING_CATALOGS = YES;
				MTL_ENABLE_DEBUG_INFO = NO;
				MTL_FAST_MATH = YES;
				SDKROOT = iphoneos;
				SWIFT_COMPILATION_MODE = wholemodule;
				VALIDATE_PRODUCT = YES;
			};
			name = Release;
		};
		86F70DD92BD61A4400936E14 /* Debug */ = {
			isa = XCBuildConfiguration;
			buildSettings = {
				ASSETCATALOG_COMPILER_APPICON_NAME = AppIcon;
				ASSETCATALOG_COMPILER_GLOBAL_ACCENT_COLOR_NAME = AccentColor;
				CODE_SIGN_STYLE = Automatic;
				CURRENT_PROJECT_VERSION = 1;
				DEVELOPMENT_ASSET_PATHS = "\"HMS-Team 5/Preview Content\"";
				ENABLE_PREVIEWS = YES;
				GENERATE_INFOPLIST_FILE = YES;
				INFOPLIST_KEY_UIApplicationSceneManifest_Generation = YES;
				INFOPLIST_KEY_UIApplicationSupportsIndirectInputEvents = YES;
				INFOPLIST_KEY_UILaunchScreen_Generation = YES;
				INFOPLIST_KEY_UISupportedInterfaceOrientations_iPad = "UIInterfaceOrientationPortrait UIInterfaceOrientationPortraitUpsideDown UIInterfaceOrientationLandscapeLeft UIInterfaceOrientationLandscapeRight";
				INFOPLIST_KEY_UISupportedInterfaceOrientations_iPhone = "UIInterfaceOrientationPortrait UIInterfaceOrientationLandscapeLeft UIInterfaceOrientationLandscapeRight";
				LD_RUNPATH_SEARCH_PATHS = (
					"$(inherited)",
					"@executable_path/Frameworks",
				);
				MARKETING_VERSION = 1.0;
				PRODUCT_BUNDLE_IDENTIFIER = "HMS-Team-5.HMS-Team-5";
				PRODUCT_NAME = "$(TARGET_NAME)";
				SWIFT_EMIT_LOC_STRINGS = YES;
				SWIFT_VERSION = 5.0;
				TARGETED_DEVICE_FAMILY = "1,2";
			};
			name = Debug;
		};
		86F70DDA2BD61A4400936E14 /* Release */ = {
			isa = XCBuildConfiguration;
			buildSettings = {
				ASSETCATALOG_COMPILER_APPICON_NAME = AppIcon;
				ASSETCATALOG_COMPILER_GLOBAL_ACCENT_COLOR_NAME = AccentColor;
				CODE_SIGN_STYLE = Automatic;
				CURRENT_PROJECT_VERSION = 1;
				DEVELOPMENT_ASSET_PATHS = "\"HMS-Team 5/Preview Content\"";
				ENABLE_PREVIEWS = YES;
				GENERATE_INFOPLIST_FILE = YES;
				INFOPLIST_KEY_UIApplicationSceneManifest_Generation = YES;
				INFOPLIST_KEY_UIApplicationSupportsIndirectInputEvents = YES;
				INFOPLIST_KEY_UILaunchScreen_Generation = YES;
				INFOPLIST_KEY_UISupportedInterfaceOrientations_iPad = "UIInterfaceOrientationPortrait UIInterfaceOrientationPortraitUpsideDown UIInterfaceOrientationLandscapeLeft UIInterfaceOrientationLandscapeRight";
				INFOPLIST_KEY_UISupportedInterfaceOrientations_iPhone = "UIInterfaceOrientationPortrait UIInterfaceOrientationLandscapeLeft UIInterfaceOrientationLandscapeRight";
				LD_RUNPATH_SEARCH_PATHS = (
					"$(inherited)",
					"@executable_path/Frameworks",
				);
				MARKETING_VERSION = 1.0;
				PRODUCT_BUNDLE_IDENTIFIER = "HMS-Team-5.HMS-Team-5";
				PRODUCT_NAME = "$(TARGET_NAME)";
				SWIFT_EMIT_LOC_STRINGS = YES;
				SWIFT_VERSION = 5.0;
				TARGETED_DEVICE_FAMILY = "1,2";
			};
			name = Release;
		};
		86F70DDC2BD61A4400936E14 /* Debug */ = {
			isa = XCBuildConfiguration;
			buildSettings = {
				ALWAYS_EMBED_SWIFT_STANDARD_LIBRARIES = YES;
				BUNDLE_LOADER = "$(TEST_HOST)";
				CODE_SIGN_STYLE = Automatic;
				CURRENT_PROJECT_VERSION = 1;
				GENERATE_INFOPLIST_FILE = YES;
				IPHONEOS_DEPLOYMENT_TARGET = 17.2;
				MARKETING_VERSION = 1.0;
				PRODUCT_BUNDLE_IDENTIFIER = "HMS-Team-5.HMS-Team-5Tests";
				PRODUCT_NAME = "$(TARGET_NAME)";
				SWIFT_EMIT_LOC_STRINGS = NO;
				SWIFT_VERSION = 5.0;
				TARGETED_DEVICE_FAMILY = "1,2";
				TEST_HOST = "$(BUILT_PRODUCTS_DIR)/HMS-Team 5.app/$(BUNDLE_EXECUTABLE_FOLDER_PATH)/HMS-Team 5";
			};
			name = Debug;
		};
		86F70DDD2BD61A4400936E14 /* Release */ = {
			isa = XCBuildConfiguration;
			buildSettings = {
				ALWAYS_EMBED_SWIFT_STANDARD_LIBRARIES = YES;
				BUNDLE_LOADER = "$(TEST_HOST)";
				CODE_SIGN_STYLE = Automatic;
				CURRENT_PROJECT_VERSION = 1;
				GENERATE_INFOPLIST_FILE = YES;
				IPHONEOS_DEPLOYMENT_TARGET = 17.2;
				MARKETING_VERSION = 1.0;
				PRODUCT_BUNDLE_IDENTIFIER = "HMS-Team-5.HMS-Team-5Tests";
				PRODUCT_NAME = "$(TARGET_NAME)";
				SWIFT_EMIT_LOC_STRINGS = NO;
				SWIFT_VERSION = 5.0;
				TARGETED_DEVICE_FAMILY = "1,2";
				TEST_HOST = "$(BUILT_PRODUCTS_DIR)/HMS-Team 5.app/$(BUNDLE_EXECUTABLE_FOLDER_PATH)/HMS-Team 5";
			};
			name = Release;
		};
		86F70DDF2BD61A4400936E14 /* Debug */ = {
			isa = XCBuildConfiguration;
			buildSettings = {
				ALWAYS_EMBED_SWIFT_STANDARD_LIBRARIES = YES;
				CODE_SIGN_STYLE = Automatic;
				CURRENT_PROJECT_VERSION = 1;
				GENERATE_INFOPLIST_FILE = YES;
				MARKETING_VERSION = 1.0;
				PRODUCT_BUNDLE_IDENTIFIER = "HMS-Team-5.HMS-Team-5UITests";
				PRODUCT_NAME = "$(TARGET_NAME)";
				SWIFT_EMIT_LOC_STRINGS = NO;
				SWIFT_VERSION = 5.0;
				TARGETED_DEVICE_FAMILY = "1,2";
				TEST_TARGET_NAME = "HMS-Team 5";
			};
			name = Debug;
		};
		86F70DE02BD61A4400936E14 /* Release */ = {
			isa = XCBuildConfiguration;
			buildSettings = {
				ALWAYS_EMBED_SWIFT_STANDARD_LIBRARIES = YES;
				CODE_SIGN_STYLE = Automatic;
				CURRENT_PROJECT_VERSION = 1;
				GENERATE_INFOPLIST_FILE = YES;
				MARKETING_VERSION = 1.0;
				PRODUCT_BUNDLE_IDENTIFIER = "HMS-Team-5.HMS-Team-5UITests";
				PRODUCT_NAME = "$(TARGET_NAME)";
				SWIFT_EMIT_LOC_STRINGS = NO;
				SWIFT_VERSION = 5.0;
				TARGETED_DEVICE_FAMILY = "1,2";
				TEST_TARGET_NAME = "HMS-Team 5";
			};
			name = Release;
		};
/* End XCBuildConfiguration section */

/* Begin XCConfigurationList section */
		86F70DAF2BD61A4200936E14 /* Build configuration list for PBXProject "HMS-Team 5" */ = {
			isa = XCConfigurationList;
			buildConfigurations = (
				86F70DD62BD61A4400936E14 /* Debug */,
				86F70DD72BD61A4400936E14 /* Release */,
			);
			defaultConfigurationIsVisible = 0;
			defaultConfigurationName = Release;
		};
		86F70DD82BD61A4400936E14 /* Build configuration list for PBXNativeTarget "HMS-Team 5" */ = {
			isa = XCConfigurationList;
			buildConfigurations = (
				86F70DD92BD61A4400936E14 /* Debug */,
				86F70DDA2BD61A4400936E14 /* Release */,
			);
			defaultConfigurationIsVisible = 0;
			defaultConfigurationName = Release;
		};
		86F70DDB2BD61A4400936E14 /* Build configuration list for PBXNativeTarget "HMS-Team 5Tests" */ = {
			isa = XCConfigurationList;
			buildConfigurations = (
				86F70DDC2BD61A4400936E14 /* Debug */,
				86F70DDD2BD61A4400936E14 /* Release */,
			);
			defaultConfigurationIsVisible = 0;
			defaultConfigurationName = Release;
		};
		86F70DDE2BD61A4400936E14 /* Build configuration list for PBXNativeTarget "HMS-Team 5UITests" */ = {
			isa = XCConfigurationList;
			buildConfigurations = (
				86F70DDF2BD61A4400936E14 /* Debug */,
				86F70DE02BD61A4400936E14 /* Release */,
			);
			defaultConfigurationIsVisible = 0;
			defaultConfigurationName = Release;
		};
/* End XCConfigurationList section */

/* Begin XCRemoteSwiftPackageReference section */
		86F70DE52BD61CCF00936E14 /* XCRemoteSwiftPackageReference "firebase-ios-sdk" */ = {
			isa = XCRemoteSwiftPackageReference;
			repositoryURL = "https://github.com/firebase/firebase-ios-sdk";
			requirement = {
				kind = upToNextMajorVersion;
				minimumVersion = 10.24.0;
			};
		};
/* End XCRemoteSwiftPackageReference section */

/* Begin XCSwiftPackageProductDependency section */
		86A6B2AB2BD62221005DC851 /* FirebaseAnalytics */ = {
			isa = XCSwiftPackageProductDependency;
			package = 86F70DE52BD61CCF00936E14 /* XCRemoteSwiftPackageReference "firebase-ios-sdk" */;
			productName = FirebaseAnalytics;
		};
		86A6B2AD2BD62221005DC851 /* FirebaseAnalyticsOnDeviceConversion */ = {
			isa = XCSwiftPackageProductDependency;
			package = 86F70DE52BD61CCF00936E14 /* XCRemoteSwiftPackageReference "firebase-ios-sdk" */;
			productName = FirebaseAnalyticsOnDeviceConversion;
		};
		86A6B2AF2BD62221005DC851 /* FirebaseAnalyticsSwift */ = {
			isa = XCSwiftPackageProductDependency;
			package = 86F70DE52BD61CCF00936E14 /* XCRemoteSwiftPackageReference "firebase-ios-sdk" */;
			productName = FirebaseAnalyticsSwift;
		};
		86A6B2B12BD62221005DC851 /* FirebaseAnalyticsWithoutAdIdSupport */ = {
			isa = XCSwiftPackageProductDependency;
			package = 86F70DE52BD61CCF00936E14 /* XCRemoteSwiftPackageReference "firebase-ios-sdk" */;
			productName = FirebaseAnalyticsWithoutAdIdSupport;
		};
		86A6B2B32BD62221005DC851 /* FirebaseAppCheck */ = {
			isa = XCSwiftPackageProductDependency;
			package = 86F70DE52BD61CCF00936E14 /* XCRemoteSwiftPackageReference "firebase-ios-sdk" */;
			productName = FirebaseAppCheck;
		};
		86A6B2B52BD62221005DC851 /* FirebaseAppDistribution-Beta */ = {
			isa = XCSwiftPackageProductDependency;
			package = 86F70DE52BD61CCF00936E14 /* XCRemoteSwiftPackageReference "firebase-ios-sdk" */;
			productName = "FirebaseAppDistribution-Beta";
		};
		86A6B2B72BD62221005DC851 /* FirebaseFirestore */ = {
			isa = XCSwiftPackageProductDependency;
			package = 86F70DE52BD61CCF00936E14 /* XCRemoteSwiftPackageReference "firebase-ios-sdk" */;
			productName = FirebaseFirestore;
		};
		86A6B2B92BD62221005DC851 /* FirebaseFirestoreCombine-Community */ = {
			isa = XCSwiftPackageProductDependency;
			package = 86F70DE52BD61CCF00936E14 /* XCRemoteSwiftPackageReference "firebase-ios-sdk" */;
			productName = "FirebaseFirestoreCombine-Community";
		};
		86A6B2BB2BD62221005DC851 /* FirebaseFirestoreSwift */ = {
			isa = XCSwiftPackageProductDependency;
			package = 86F70DE52BD61CCF00936E14 /* XCRemoteSwiftPackageReference "firebase-ios-sdk" */;
			productName = FirebaseFirestoreSwift;
		};
		86A6B2BD2BD62221005DC851 /* FirebaseFunctions */ = {
			isa = XCSwiftPackageProductDependency;
			package = 86F70DE52BD61CCF00936E14 /* XCRemoteSwiftPackageReference "firebase-ios-sdk" */;
			productName = FirebaseFunctions;
		};
		86A6B2BF2BD62221005DC851 /* FirebaseFunctionsCombine-Community */ = {
			isa = XCSwiftPackageProductDependency;
			package = 86F70DE52BD61CCF00936E14 /* XCRemoteSwiftPackageReference "firebase-ios-sdk" */;
			productName = "FirebaseFunctionsCombine-Community";
		};
		86A6B2C12BD62221005DC851 /* FirebaseInAppMessaging-Beta */ = {
			isa = XCSwiftPackageProductDependency;
			package = 86F70DE52BD61CCF00936E14 /* XCRemoteSwiftPackageReference "firebase-ios-sdk" */;
			productName = "FirebaseInAppMessaging-Beta";
		};
		86A6B2C32BD62221005DC851 /* FirebaseInAppMessagingSwift-Beta */ = {
			isa = XCSwiftPackageProductDependency;
			package = 86F70DE52BD61CCF00936E14 /* XCRemoteSwiftPackageReference "firebase-ios-sdk" */;
			productName = "FirebaseInAppMessagingSwift-Beta";
		};
		86A6B2C52BD62221005DC851 /* FirebaseInstallations */ = {
			isa = XCSwiftPackageProductDependency;
			package = 86F70DE52BD61CCF00936E14 /* XCRemoteSwiftPackageReference "firebase-ios-sdk" */;
			productName = FirebaseInstallations;
		};
		86A6B2C72BD62221005DC851 /* FirebaseMLModelDownloader */ = {
			isa = XCSwiftPackageProductDependency;
			package = 86F70DE52BD61CCF00936E14 /* XCRemoteSwiftPackageReference "firebase-ios-sdk" */;
			productName = FirebaseMLModelDownloader;
		};
		86A6B2C92BD62221005DC851 /* FirebaseMessaging */ = {
			isa = XCSwiftPackageProductDependency;
			package = 86F70DE52BD61CCF00936E14 /* XCRemoteSwiftPackageReference "firebase-ios-sdk" */;
			productName = FirebaseMessaging;
		};
		86A6B2CB2BD62221005DC851 /* FirebasePerformance */ = {
			isa = XCSwiftPackageProductDependency;
			package = 86F70DE52BD61CCF00936E14 /* XCRemoteSwiftPackageReference "firebase-ios-sdk" */;
			productName = FirebasePerformance;
		};
		86A6B2CD2BD62221005DC851 /* FirebaseRemoteConfig */ = {
			isa = XCSwiftPackageProductDependency;
			package = 86F70DE52BD61CCF00936E14 /* XCRemoteSwiftPackageReference "firebase-ios-sdk" */;
			productName = FirebaseRemoteConfig;
		};
		86A6B2CF2BD62221005DC851 /* FirebaseRemoteConfigSwift */ = {
			isa = XCSwiftPackageProductDependency;
			package = 86F70DE52BD61CCF00936E14 /* XCRemoteSwiftPackageReference "firebase-ios-sdk" */;
			productName = FirebaseRemoteConfigSwift;
		};
		86A6B2D12BD62221005DC851 /* FirebaseStorage */ = {
			isa = XCSwiftPackageProductDependency;
			package = 86F70DE52BD61CCF00936E14 /* XCRemoteSwiftPackageReference "firebase-ios-sdk" */;
			productName = FirebaseStorage;
		};
		86A6B2D32BD62221005DC851 /* FirebaseStorageCombine-Community */ = {
			isa = XCSwiftPackageProductDependency;
			package = 86F70DE52BD61CCF00936E14 /* XCRemoteSwiftPackageReference "firebase-ios-sdk" */;
			productName = "FirebaseStorageCombine-Community";
		};
/* End XCSwiftPackageProductDependency section */
	};
	rootObject = 86F70DAC2BD61A4200936E14 /* Project object */;
}
